PODS:
  - Alamofire (4.9.1)
  - JGProgressHUD (2.1)
  - SDWebImage (5.8.4):
    - SDWebImage/Core (= 5.8.4)
  - SDWebImage/Core (5.8.4)

DEPENDENCIES:
  - Alamofire (~> 4.2)
  - JGProgressHUD
  - SDWebImage

SPEC REPOS:
  trunk:
    - Alamofire
    - JGProgressHUD
    - SDWebImage

SPEC CHECKSUMS:
  Alamofire: 85e8a02c69d6020a0d734f6054870d7ecb75cf18
  JGProgressHUD: aa403e9a5b45cae98903c4600cccdd98c0c3ec90
  SDWebImage: cf6922231e95550934da2ada0f20f2becf2ceba9

PODFILE CHECKSUM: 3a7480179d2ddb105da62addbab7253b9caa2591

COCOAPODS: 1.9.1
